// !$*UTF8*$!
{
	archiveVersion = 1;
	classes = {
	};
	objectVersion = 70;
	objects = {

/* Begin PBXBuildFile section */
		29FBFA922CDAD99100F8EC88 /* AppDelegate.swift in Sources */ = {isa = PBXBuildFile; fileRef = 29FBFA912CDAD99100F8EC88 /* AppDelegate.swift */; };
		29FBFA942CDAD99100F8EC88 /* SceneDelegate.swift in Sources */ = {isa = PBXBuildFile; fileRef = 29FBFA932CDAD99100F8EC88 /* SceneDelegate.swift */; };
		29FBFA962CDAD99100F8EC88 /* ViewController.swift in Sources */ = {isa = PBXBuildFile; fileRef = 29FBFA952CDAD99100F8EC88 /* ViewController.swift */; };
		29FBFA992CDAD99100F8EC88 /* Base in Resources */ = {isa = PBXBuildFile; fileRef = 29FBFA982CDAD99100F8EC88 /* Base */; };
		29FBFA9B2CDAD99200F8EC88 /* Assets.xcassets in Resources */ = {isa = PBXBuildFile; fileRef = 29FBFA9A2CDAD99200F8EC88 /* Assets.xcassets */; };
		29FBFA9E2CDAD99200F8EC88 /* Base in Resources */ = {isa = PBXBuildFile; fileRef = 29FBFA9D2CDAD99200F8EC88 /* Base */; };
		29FBFAAA2CDADAB100F8EC88 /* GoogleService-Info.plist in Resources */ = {isa = PBXBuildFile; fileRef = 29FBFAA92CDADAB000F8EC88 /* GoogleService-Info.plist */; };
		29FBFAAD2CDADB9600F8EC88 /* FirebaseAuth in Frameworks */ = {isa = PBXBuildFile; productRef = 29FBFAAC2CDADB9600F8EC88 /* FirebaseAuth */; };
		29FBFAAF2CDADB9600F8EC88 /* FirebaseCore in Frameworks */ = {isa = PBXBuildFile; productRef = 29FBFAAE2CDADB9600F8EC88 /* FirebaseCore */; };
		29FBFAB12CDADB9600F8EC88 /* FirebaseFirestore in Frameworks */ = {isa = PBXBuildFile; productRef = 29FBFAB02CDADB9600F8EC88 /* FirebaseFirestore */; };
		29FBFAB32CDADB9600F8EC88 /* FirebaseStorage in Frameworks */ = {isa = PBXBuildFile; productRef = 29FBFAB22CDADB9600F8EC88 /* FirebaseStorage */; };
		29FBFAB52CDD285800F8EC88 /* LoginScreenView.swift in Sources */ = {isa = PBXBuildFile; fileRef = 29FBFAB42CDD285800F8EC88 /* LoginScreenView.swift */; };
		29FBFAB82CDD2B3B00F8EC88 /* LoginScreenViewController.swift in Sources */ = {isa = PBXBuildFile; fileRef = 29FBFAB72CDD2B3B00F8EC88 /* LoginScreenViewController.swift */; };
		29FBFABA2CDD2BF500F8EC88 /* MainScreenView.swift in Sources */ = {isa = PBXBuildFile; fileRef = 29FBFAB92CDD2BF500F8EC88 /* MainScreenView.swift */; };
		29FBFABC2CDD2CDF00F8EC88 /* RightBarButtonManager.swift in Sources */ = {isa = PBXBuildFile; fileRef = 29FBFABB2CDD2CDF00F8EC88 /* RightBarButtonManager.swift */; };
		3F7DDD662CE2920A004A5149 /* ChatScreenView.swift in Sources */ = {isa = PBXBuildFile; fileRef = 3F7DDD652CE2920A004A5149 /* ChatScreenView.swift */; };
		3F7DDD682CE29258004A5149 /* ChatMessage.swift in Sources */ = {isa = PBXBuildFile; fileRef = 3F7DDD672CE29258004A5149 /* ChatMessage.swift */; };
		3F7DDD6C2CE3EDE8004A5149 /* UserMessageTableViewCell.swift in Sources */ = {isa = PBXBuildFile; fileRef = 3F7DDD6B2CE3EDE8004A5149 /* UserMessageTableViewCell.swift */; };
		3F7DDD6E2CE3EE40004A5149 /* ChatMessageTableViewCell.swift in Sources */ = {isa = PBXBuildFile; fileRef = 3F7DDD6D2CE3EE40004A5149 /* ChatMessageTableViewCell.swift */; };
		3F7DDD702CE3EE9A004A5149 /* ChatMessageViewController.swift in Sources */ = {isa = PBXBuildFile; fileRef = 3F7DDD6F2CE3EE9A004A5149 /* ChatMessageViewController.swift */; };
		3F7DDD722CE3F0C8004A5149 /* ChatMessageManager.swift in Sources */ = {isa = PBXBuildFile; fileRef = 3F7DDD712CE3F0C8004A5149 /* ChatMessageManager.swift */; };
		3FF7DB8F2CDD36B300F8B5EF /* ChatTableViewCell.swift in Sources */ = {isa = PBXBuildFile; fileRef = 3FF7DB8E2CDD36B300F8B5EF /* ChatTableViewCell.swift */; };
		3FF7DB912CDD36C400F8B5EF /* Chat.swift in Sources */ = {isa = PBXBuildFile; fileRef = 3FF7DB902CDD36C400F8B5EF /* Chat.swift */; };
		3FF7DB952CDD411B00F8B5EF /* ChatsTableViewManager.swift in Sources */ = {isa = PBXBuildFile; fileRef = 3FF7DB942CDD411B00F8B5EF /* ChatsTableViewManager.swift */; };
		3FF7DB972CDD419A00F8B5EF /* Configs.swift in Sources */ = {isa = PBXBuildFile; fileRef = 3FF7DB962CDD419A00F8B5EF /* Configs.swift */; };
		3FF7DBA92CDDB1AF00F8B5EF /* NewChatTableViewManager.swift in Sources */ = {isa = PBXBuildFile; fileRef = 3FF7DBA32CDDB1AF00F8B5EF /* NewChatTableViewManager.swift */; };
		3FF7DBAA2CDDB1AF00F8B5EF /* NewChatView.swift in Sources */ = {isa = PBXBuildFile; fileRef = 3FF7DBA42CDDB1AF00F8B5EF /* NewChatView.swift */; };
		3FF7DBAB2CDDB1AF00F8B5EF /* NewChatViewController.swift in Sources */ = {isa = PBXBuildFile; fileRef = 3FF7DBA52CDDB1AF00F8B5EF /* NewChatViewController.swift */; };
		3FF7DBAC2CDDB1AF00F8B5EF /* NewChatViewTableViewCell.swift in Sources */ = {isa = PBXBuildFile; fileRef = 3FF7DBA62CDDB1AF00F8B5EF /* NewChatViewTableViewCell.swift */; };
		3FF7DBAD2CDDB1AF00F8B5EF /* User.swift in Sources */ = {isa = PBXBuildFile; fileRef = 3FF7DBA72CDDB1AF00F8B5EF /* User.swift */; };
/* End PBXBuildFile section */

/* Begin PBXFileReference section */
		29FBFA8E2CDAD99100F8EC88 /* WA8_17.app */ = {isa = PBXFileReference; explicitFileType = wrapper.application; includeInIndex = 0; path = WA8_17.app; sourceTree = BUILT_PRODUCTS_DIR; };
		29FBFA912CDAD99100F8EC88 /* AppDelegate.swift */ = {isa = PBXFileReference; lastKnownFileType = sourcecode.swift; path = AppDelegate.swift; sourceTree = "<group>"; };
		29FBFA932CDAD99100F8EC88 /* SceneDelegate.swift */ = {isa = PBXFileReference; lastKnownFileType = sourcecode.swift; path = SceneDelegate.swift; sourceTree = "<group>"; };
		29FBFA952CDAD99100F8EC88 /* ViewController.swift */ = {isa = PBXFileReference; lastKnownFileType = sourcecode.swift; path = ViewController.swift; sourceTree = "<group>"; };
		29FBFA982CDAD99100F8EC88 /* Base */ = {isa = PBXFileReference; lastKnownFileType = file.storyboard; name = Base; path = Base.lproj/Main.storyboard; sourceTree = "<group>"; };
		29FBFA9A2CDAD99200F8EC88 /* Assets.xcassets */ = {isa = PBXFileReference; lastKnownFileType = folder.assetcatalog; path = Assets.xcassets; sourceTree = "<group>"; };
		29FBFA9D2CDAD99200F8EC88 /* Base */ = {isa = PBXFileReference; lastKnownFileType = file.storyboard; name = Base; path = Base.lproj/LaunchScreen.storyboard; sourceTree = "<group>"; };
		29FBFA9F2CDAD99200F8EC88 /* Info.plist */ = {isa = PBXFileReference; lastKnownFileType = text.plist.xml; path = Info.plist; sourceTree = "<group>"; };
		29FBFAA92CDADAB000F8EC88 /* GoogleService-Info.plist */ = {isa = PBXFileReference; fileEncoding = 4; lastKnownFileType = text.plist.xml; path = "GoogleService-Info.plist"; sourceTree = "<group>"; };
		29FBFAB42CDD285800F8EC88 /* LoginScreenView.swift */ = {isa = PBXFileReference; lastKnownFileType = sourcecode.swift; path = LoginScreenView.swift; sourceTree = "<group>"; };
		29FBFAB72CDD2B3B00F8EC88 /* LoginScreenViewController.swift */ = {isa = PBXFileReference; lastKnownFileType = sourcecode.swift; path = LoginScreenViewController.swift; sourceTree = "<group>"; };
		29FBFAB92CDD2BF500F8EC88 /* MainScreenView.swift */ = {isa = PBXFileReference; lastKnownFileType = sourcecode.swift; path = MainScreenView.swift; sourceTree = "<group>"; };
		29FBFABB2CDD2CDF00F8EC88 /* RightBarButtonManager.swift */ = {isa = PBXFileReference; lastKnownFileType = sourcecode.swift; path = RightBarButtonManager.swift; sourceTree = "<group>"; };
		3F7DDD652CE2920A004A5149 /* ChatScreenView.swift */ = {isa = PBXFileReference; lastKnownFileType = sourcecode.swift; path = ChatScreenView.swift; sourceTree = "<group>"; };
		3F7DDD672CE29258004A5149 /* ChatMessage.swift */ = {isa = PBXFileReference; lastKnownFileType = sourcecode.swift; path = ChatMessage.swift; sourceTree = "<group>"; };
		3F7DDD6B2CE3EDE8004A5149 /* UserMessageTableViewCell.swift */ = {isa = PBXFileReference; lastKnownFileType = sourcecode.swift; path = UserMessageTableViewCell.swift; sourceTree = "<group>"; };
		3F7DDD6D2CE3EE40004A5149 /* ChatMessageTableViewCell.swift */ = {isa = PBXFileReference; lastKnownFileType = sourcecode.swift; path = ChatMessageTableViewCell.swift; sourceTree = "<group>"; };
		3F7DDD6F2CE3EE9A004A5149 /* ChatMessageViewController.swift */ = {isa = PBXFileReference; lastKnownFileType = sourcecode.swift; path = ChatMessageViewController.swift; sourceTree = "<group>"; };
		3F7DDD712CE3F0C8004A5149 /* ChatMessageManager.swift */ = {isa = PBXFileReference; lastKnownFileType = sourcecode.swift; path = ChatMessageManager.swift; sourceTree = "<group>"; };
		3FF7DB8E2CDD36B300F8B5EF /* ChatTableViewCell.swift */ = {isa = PBXFileReference; lastKnownFileType = sourcecode.swift; path = ChatTableViewCell.swift; sourceTree = "<group>"; };
		3FF7DB902CDD36C400F8B5EF /* Chat.swift */ = {isa = PBXFileReference; lastKnownFileType = sourcecode.swift; path = Chat.swift; sourceTree = "<group>"; };
		3FF7DB942CDD411B00F8B5EF /* ChatsTableViewManager.swift */ = {isa = PBXFileReference; lastKnownFileType = sourcecode.swift; path = ChatsTableViewManager.swift; sourceTree = "<group>"; };
		3FF7DB962CDD419A00F8B5EF /* Configs.swift */ = {isa = PBXFileReference; lastKnownFileType = sourcecode.swift; path = Configs.swift; sourceTree = "<group>"; };
		3FF7DBA32CDDB1AF00F8B5EF /* NewChatTableViewManager.swift */ = {isa = PBXFileReference; lastKnownFileType = sourcecode.swift; path = NewChatTableViewManager.swift; sourceTree = "<group>"; };
		3FF7DBA42CDDB1AF00F8B5EF /* NewChatView.swift */ = {isa = PBXFileReference; lastKnownFileType = sourcecode.swift; path = NewChatView.swift; sourceTree = "<group>"; };
		3FF7DBA52CDDB1AF00F8B5EF /* NewChatViewController.swift */ = {isa = PBXFileReference; lastKnownFileType = sourcecode.swift; path = NewChatViewController.swift; sourceTree = "<group>"; };
		3FF7DBA62CDDB1AF00F8B5EF /* NewChatViewTableViewCell.swift */ = {isa = PBXFileReference; lastKnownFileType = sourcecode.swift; path = NewChatViewTableViewCell.swift; sourceTree = "<group>"; };
		3FF7DBA72CDDB1AF00F8B5EF /* User.swift */ = {isa = PBXFileReference; lastKnownFileType = sourcecode.swift; path = User.swift; sourceTree = "<group>"; };
/* End PBXFileReference section */

/* Begin PBXFileSystemSynchronizedRootGroup section */
		D53E3C882CE418B40041C9E3 /* Register screen */ = {isa = PBXFileSystemSynchronizedRootGroup; explicitFileTypes = {}; explicitFolders = (); path = "Register screen"; sourceTree = "<group>"; };
/* End PBXFileSystemSynchronizedRootGroup section */

/* Begin PBXFrameworksBuildPhase section */
		29FBFA8B2CDAD99100F8EC88 /* Frameworks */ = {
			isa = PBXFrameworksBuildPhase;
			buildActionMask = 2147483647;
			files = (
				29FBFAAF2CDADB9600F8EC88 /* FirebaseCore in Frameworks */,
				29FBFAB32CDADB9600F8EC88 /* FirebaseStorage in Frameworks */,
				29FBFAAD2CDADB9600F8EC88 /* FirebaseAuth in Frameworks */,
				29FBFAB12CDADB9600F8EC88 /* FirebaseFirestore in Frameworks */,
			);
			runOnlyForDeploymentPostprocessing = 0;
		};
/* End PBXFrameworksBuildPhase section */

/* Begin PBXGroup section */
		29FBFA852CDAD99100F8EC88 = {
			isa = PBXGroup;
			children = (
				29FBFA902CDAD99100F8EC88 /* WA8_17 */,
				29FBFA8F2CDAD99100F8EC88 /* Products */,
			);
			sourceTree = "<group>";
		};
		29FBFA8F2CDAD99100F8EC88 /* Products */ = {
			isa = PBXGroup;
			children = (
				29FBFA8E2CDAD99100F8EC88 /* WA8_17.app */,
			);
			name = Products;
			sourceTree = "<group>";
		};
		29FBFA902CDAD99100F8EC88 /* WA8_17 */ = {
			isa = PBXGroup;
			children = (
				D53E3C882CE418B40041C9E3 /* Register screen */,
				29FBFA912CDAD99100F8EC88 /* AppDelegate.swift */,
				29FBFA932CDAD99100F8EC88 /* SceneDelegate.swift */,
				29FBFABD2CDD306000F8EC88 /* Main Screen */,
				29FBFAB62CDD2AC500F8EC88 /* Login  */,
				29FBFA972CDAD99100F8EC88 /* Main.storyboard */,
				29FBFA9A2CDAD99200F8EC88 /* Assets.xcassets */,
				29FBFA9C2CDAD99200F8EC88 /* LaunchScreen.storyboard */,
				29FBFA9F2CDAD99200F8EC88 /* Info.plist */,
				29FBFAA92CDADAB000F8EC88 /* GoogleService-Info.plist */,
				3FF7DBA82CDDB1AF00F8B5EF /* All User Screen */,
				3F7DDD732CE3F387004A5149 /* Chat Screen */,
			);
			path = WA8_17;
			sourceTree = "<group>";
		};
		29FBFAB62CDD2AC500F8EC88 /* Login  */ = {
			isa = PBXGroup;
			children = (
				29FBFAB72CDD2B3B00F8EC88 /* LoginScreenViewController.swift */,
				29FBFAB42CDD285800F8EC88 /* LoginScreenView.swift */,
			);
			path = "Login ";
			sourceTree = "<group>";
		};
		29FBFABD2CDD306000F8EC88 /* Main Screen */ = {
			isa = PBXGroup;
			children = (
				3FF7DB962CDD419A00F8B5EF /* Configs.swift */,
				29FBFABE2CDD307000F8EC88 /* Views */,
				29FBFA952CDAD99100F8EC88 /* ViewController.swift */,
				3FF7DB902CDD36C400F8B5EF /* Chat.swift */,
				29FBFABB2CDD2CDF00F8EC88 /* RightBarButtonManager.swift */,
				3FF7DB942CDD411B00F8B5EF /* ChatsTableViewManager.swift */,
			);
			path = "Main Screen";
			sourceTree = "<group>";
		};
		29FBFABE2CDD307000F8EC88 /* Views */ = {
			isa = PBXGroup;
			children = (
				29FBFAB92CDD2BF500F8EC88 /* MainScreenView.swift */,
				3FF7DB8E2CDD36B300F8B5EF /* ChatTableViewCell.swift */,
			);
			path = Views;
			sourceTree = "<group>";
		};
		3F7DDD732CE3F387004A5149 /* Chat Screen */ = {
			isa = PBXGroup;
			children = (
				3F7DDD672CE29258004A5149 /* ChatMessage.swift */,
				3F7DDD742CE3F3CE004A5149 /* view */,
				3F7DDD6F2CE3EE9A004A5149 /* ChatMessageViewController.swift */,
				3F7DDD712CE3F0C8004A5149 /* ChatMessageManager.swift */,
			);
			path = "Chat Screen";
			sourceTree = "<group>";
		};
		3F7DDD742CE3F3CE004A5149 /* view */ = {
			isa = PBXGroup;
			children = (
				3F7DDD652CE2920A004A5149 /* ChatScreenView.swift */,
				3F7DDD6B2CE3EDE8004A5149 /* UserMessageTableViewCell.swift */,
				3F7DDD6D2CE3EE40004A5149 /* ChatMessageTableViewCell.swift */,
			);
			path = view;
			sourceTree = "<group>";
		};
		3FF7DBA82CDDB1AF00F8B5EF /* All User Screen */ = {
			isa = PBXGroup;
			children = (
				3FF7DBA32CDDB1AF00F8B5EF /* NewChatTableViewManager.swift */,
				3FF7DBA52CDDB1AF00F8B5EF /* NewChatViewController.swift */,
				3FF7DBAE2CDDB1BD00F8B5EF /* View */,
				3FF7DBA72CDDB1AF00F8B5EF /* User.swift */,
			);
			path = "All User Screen";
			sourceTree = "<group>";
		};
		3FF7DBAE2CDDB1BD00F8B5EF /* View */ = {
			isa = PBXGroup;
			children = (
				3FF7DBA42CDDB1AF00F8B5EF /* NewChatView.swift */,
				3FF7DBA62CDDB1AF00F8B5EF /* NewChatViewTableViewCell.swift */,
			);
			path = View;
			sourceTree = "<group>";
		};
/* End PBXGroup section */

/* Begin PBXNativeTarget section */
		29FBFA8D2CDAD99100F8EC88 /* WA8_17 */ = {
			isa = PBXNativeTarget;
			buildConfigurationList = 29FBFAA22CDAD99200F8EC88 /* Build configuration list for PBXNativeTarget "WA8_17" */;
			buildPhases = (
				29FBFA8A2CDAD99100F8EC88 /* Sources */,
				29FBFA8B2CDAD99100F8EC88 /* Frameworks */,
				29FBFA8C2CDAD99100F8EC88 /* Resources */,
			);
			buildRules = (
			);
			dependencies = (
			);
			fileSystemSynchronizedGroups = (
				D53E3C882CE418B40041C9E3 /* Register screen */,
			);
			name = WA8_17;
			packageProductDependencies = (
				29FBFAAC2CDADB9600F8EC88 /* FirebaseAuth */,
				29FBFAAE2CDADB9600F8EC88 /* FirebaseCore */,
				29FBFAB02CDADB9600F8EC88 /* FirebaseFirestore */,
				29FBFAB22CDADB9600F8EC88 /* FirebaseStorage */,
			);
			productName = WA8_17;
			productReference = 29FBFA8E2CDAD99100F8EC88 /* WA8_17.app */;
			productType = "com.apple.product-type.application";
		};
/* End PBXNativeTarget section */

/* Begin PBXProject section */
		29FBFA862CDAD99100F8EC88 /* Project object */ = {
			isa = PBXProject;
			attributes = {
				BuildIndependentTargetsInParallel = 1;
				LastSwiftUpdateCheck = 1540;
				LastUpgradeCheck = 1540;
				TargetAttributes = {
					29FBFA8D2CDAD99100F8EC88 = {
						CreatedOnToolsVersion = 15.4;
					};
				};
			};
			buildConfigurationList = 29FBFA892CDAD99100F8EC88 /* Build configuration list for PBXProject "WA8_17" */;
			compatibilityVersion = "Xcode 14.0";
			developmentRegion = en;
			hasScannedForEncodings = 0;
			knownRegions = (
				en,
				Base,
			);
			mainGroup = 29FBFA852CDAD99100F8EC88;
			packageReferences = (
				29FBFAAB2CDADB9600F8EC88 /* XCRemoteSwiftPackageReference "firebase-ios-sdk" */,
			);
			productRefGroup = 29FBFA8F2CDAD99100F8EC88 /* Products */;
			projectDirPath = "";
			projectRoot = "";
			targets = (
				29FBFA8D2CDAD99100F8EC88 /* WA8_17 */,
			);
		};
/* End PBXProject section */

/* Begin PBXResourcesBuildPhase section */
		29FBFA8C2CDAD99100F8EC88 /* Resources */ = {
			isa = PBXResourcesBuildPhase;
			buildActionMask = 2147483647;
			files = (
				29FBFA9B2CDAD99200F8EC88 /* Assets.xcassets in Resources */,
				29FBFAAA2CDADAB100F8EC88 /* GoogleService-Info.plist in Resources */,
				29FBFA9E2CDAD99200F8EC88 /* Base in Resources */,
				29FBFA992CDAD99100F8EC88 /* Base in Resources */,
			);
			runOnlyForDeploymentPostprocessing = 0;
		};
/* End PBXResourcesBuildPhase section */

/* Begin PBXSourcesBuildPhase section */
		29FBFA8A2CDAD99100F8EC88 /* Sources */ = {
			isa = PBXSourcesBuildPhase;
			buildActionMask = 2147483647;
			files = (
				29FBFAB52CDD285800F8EC88 /* LoginScreenView.swift in Sources */,
				3F7DDD722CE3F0C8004A5149 /* ChatMessageManager.swift in Sources */,
				29FBFABA2CDD2BF500F8EC88 /* MainScreenView.swift in Sources */,
				3F7DDD6C2CE3EDE8004A5149 /* UserMessageTableViewCell.swift in Sources */,
				29FBFA962CDAD99100F8EC88 /* ViewController.swift in Sources */,
				3FF7DB952CDD411B00F8B5EF /* ChatsTableViewManager.swift in Sources */,
				3F7DDD702CE3EE9A004A5149 /* ChatMessageViewController.swift in Sources */,
				29FBFABC2CDD2CDF00F8EC88 /* RightBarButtonManager.swift in Sources */,
				3FF7DBA92CDDB1AF00F8B5EF /* NewChatTableViewManager.swift in Sources */,
				3FF7DBAA2CDDB1AF00F8B5EF /* NewChatView.swift in Sources */,
				3FF7DBAB2CDDB1AF00F8B5EF /* NewChatViewController.swift in Sources */,
				3F7DDD6E2CE3EE40004A5149 /* ChatMessageTableViewCell.swift in Sources */,
				3FF7DBAC2CDDB1AF00F8B5EF /* NewChatViewTableViewCell.swift in Sources */,
				3F7DDD682CE29258004A5149 /* ChatMessage.swift in Sources */,
				3FF7DBAD2CDDB1AF00F8B5EF /* User.swift in Sources */,
				3FF7DB912CDD36C400F8B5EF /* Chat.swift in Sources */,
				29FBFA922CDAD99100F8EC88 /* AppDelegate.swift in Sources */,
				3FF7DB8F2CDD36B300F8B5EF /* ChatTableViewCell.swift in Sources */,
				3F7DDD662CE2920A004A5149 /* ChatScreenView.swift in Sources */,
				29FBFAB82CDD2B3B00F8EC88 /* LoginScreenViewController.swift in Sources */,
				29FBFA942CDAD99100F8EC88 /* SceneDelegate.swift in Sources */,
				3FF7DB972CDD419A00F8B5EF /* Configs.swift in Sources */,
			);
			runOnlyForDeploymentPostprocessing = 0;
		};
/* End PBXSourcesBuildPhase section */

/* Begin PBXVariantGroup section */
		29FBFA972CDAD99100F8EC88 /* Main.storyboard */ = {
			isa = PBXVariantGroup;
			children = (
				29FBFA982CDAD99100F8EC88 /* Base */,
			);
			name = Main.storyboard;
			sourceTree = "<group>";
		};
		29FBFA9C2CDAD99200F8EC88 /* LaunchScreen.storyboard */ = {
			isa = PBXVariantGroup;
			children = (
				29FBFA9D2CDAD99200F8EC88 /* Base */,
			);
			name = LaunchScreen.storyboard;
			sourceTree = "<group>";
		};
/* End PBXVariantGroup section */

/* Begin XCBuildConfiguration section */
		29FBFAA02CDAD99200F8EC88 /* Debug */ = {
			isa = XCBuildConfiguration;
			buildSettings = {
				ALWAYS_SEARCH_USER_PATHS = NO;
				ASSETCATALOG_COMPILER_GENERATE_SWIFT_ASSET_SYMBOL_EXTENSIONS = YES;
				CLANG_ANALYZER_NONNULL = YES;
				CLANG_ANALYZER_NUMBER_OBJECT_CONVERSION = YES_AGGRESSIVE;
				CLANG_CXX_LANGUAGE_STANDARD = "gnu++20";
				CLANG_ENABLE_MODULES = YES;
				CLANG_ENABLE_OBJC_ARC = YES;
				CLANG_ENABLE_OBJC_WEAK = YES;
				CLANG_WARN_BLOCK_CAPTURE_AUTORELEASING = YES;
				CLANG_WARN_BOOL_CONVERSION = YES;
				CLANG_WARN_COMMA = YES;
				CLANG_WARN_CONSTANT_CONVERSION = YES;
				CLANG_WARN_DEPRECATED_OBJC_IMPLEMENTATIONS = YES;
				CLANG_WARN_DIRECT_OBJC_ISA_USAGE = YES_ERROR;
				CLANG_WARN_DOCUMENTATION_COMMENTS = YES;
				CLANG_WARN_EMPTY_BODY = YES;
				CLANG_WARN_ENUM_CONVERSION = YES;
				CLANG_WARN_INFINITE_RECURSION = YES;
				CLANG_WARN_INT_CONVERSION = YES;
				CLANG_WARN_NON_LITERAL_NULL_CONVERSION = YES;
				CLANG_WARN_OBJC_IMPLICIT_RETAIN_SELF = YES;
				CLANG_WARN_OBJC_LITERAL_CONVERSION = YES;
				CLANG_WARN_OBJC_ROOT_CLASS = YES_ERROR;
				CLANG_WARN_QUOTED_INCLUDE_IN_FRAMEWORK_HEADER = YES;
				CLANG_WARN_RANGE_LOOP_ANALYSIS = YES;
				CLANG_WARN_STRICT_PROTOTYPES = YES;
				CLANG_WARN_SUSPICIOUS_MOVE = YES;
				CLANG_WARN_UNGUARDED_AVAILABILITY = YES_AGGRESSIVE;
				CLANG_WARN_UNREACHABLE_CODE = YES;
				CLANG_WARN__DUPLICATE_METHOD_MATCH = YES;
				COPY_PHASE_STRIP = NO;
				DEBUG_INFORMATION_FORMAT = dwarf;
				ENABLE_STRICT_OBJC_MSGSEND = YES;
				ENABLE_TESTABILITY = YES;
				ENABLE_USER_SCRIPT_SANDBOXING = YES;
				GCC_C_LANGUAGE_STANDARD = gnu17;
				GCC_DYNAMIC_NO_PIC = NO;
				GCC_NO_COMMON_BLOCKS = YES;
				GCC_OPTIMIZATION_LEVEL = 0;
				GCC_PREPROCESSOR_DEFINITIONS = (
					"DEBUG=1",
					"$(inherited)",
				);
				GCC_WARN_64_TO_32_BIT_CONVERSION = YES;
				GCC_WARN_ABOUT_RETURN_TYPE = YES_ERROR;
				GCC_WARN_UNDECLARED_SELECTOR = YES;
				GCC_WARN_UNINITIALIZED_AUTOS = YES_AGGRESSIVE;
				GCC_WARN_UNUSED_FUNCTION = YES;
				GCC_WARN_UNUSED_VARIABLE = YES;
				IPHONEOS_DEPLOYMENT_TARGET = 17.5;
				LOCALIZATION_PREFERS_STRING_CATALOGS = YES;
				MTL_ENABLE_DEBUG_INFO = INCLUDE_SOURCE;
				MTL_FAST_MATH = YES;
				ONLY_ACTIVE_ARCH = YES;
				SDKROOT = iphoneos;
				SWIFT_ACTIVE_COMPILATION_CONDITIONS = "DEBUG $(inherited)";
				SWIFT_OPTIMIZATION_LEVEL = "-Onone";
			};
			name = Debug;
		};
		29FBFAA12CDAD99200F8EC88 /* Release */ = {
			isa = XCBuildConfiguration;
			buildSettings = {
				ALWAYS_SEARCH_USER_PATHS = NO;
				ASSETCATALOG_COMPILER_GENERATE_SWIFT_ASSET_SYMBOL_EXTENSIONS = YES;
				CLANG_ANALYZER_NONNULL = YES;
				CLANG_ANALYZER_NUMBER_OBJECT_CONVERSION = YES_AGGRESSIVE;
				CLANG_CXX_LANGUAGE_STANDARD = "gnu++20";
				CLANG_ENABLE_MODULES = YES;
				CLANG_ENABLE_OBJC_ARC = YES;
				CLANG_ENABLE_OBJC_WEAK = YES;
				CLANG_WARN_BLOCK_CAPTURE_AUTORELEASING = YES;
				CLANG_WARN_BOOL_CONVERSION = YES;
				CLANG_WARN_COMMA = YES;
				CLANG_WARN_CONSTANT_CONVERSION = YES;
				CLANG_WARN_DEPRECATED_OBJC_IMPLEMENTATIONS = YES;
				CLANG_WARN_DIRECT_OBJC_ISA_USAGE = YES_ERROR;
				CLANG_WARN_DOCUMENTATION_COMMENTS = YES;
				CLANG_WARN_EMPTY_BODY = YES;
				CLANG_WARN_ENUM_CONVERSION = YES;
				CLANG_WARN_INFINITE_RECURSION = YES;
				CLANG_WARN_INT_CONVERSION = YES;
				CLANG_WARN_NON_LITERAL_NULL_CONVERSION = YES;
				CLANG_WARN_OBJC_IMPLICIT_RETAIN_SELF = YES;
				CLANG_WARN_OBJC_LITERAL_CONVERSION = YES;
				CLANG_WARN_OBJC_ROOT_CLASS = YES_ERROR;
				CLANG_WARN_QUOTED_INCLUDE_IN_FRAMEWORK_HEADER = YES;
				CLANG_WARN_RANGE_LOOP_ANALYSIS = YES;
				CLANG_WARN_STRICT_PROTOTYPES = YES;
				CLANG_WARN_SUSPICIOUS_MOVE = YES;
				CLANG_WARN_UNGUARDED_AVAILABILITY = YES_AGGRESSIVE;
				CLANG_WARN_UNREACHABLE_CODE = YES;
				CLANG_WARN__DUPLICATE_METHOD_MATCH = YES;
				COPY_PHASE_STRIP = NO;
				DEBUG_INFORMATION_FORMAT = "dwarf-with-dsym";
				ENABLE_NS_ASSERTIONS = NO;
				ENABLE_STRICT_OBJC_MSGSEND = YES;
				ENABLE_USER_SCRIPT_SANDBOXING = YES;
				GCC_C_LANGUAGE_STANDARD = gnu17;
				GCC_NO_COMMON_BLOCKS = YES;
				GCC_WARN_64_TO_32_BIT_CONVERSION = YES;
				GCC_WARN_ABOUT_RETURN_TYPE = YES_ERROR;
				GCC_WARN_UNDECLARED_SELECTOR = YES;
				GCC_WARN_UNINITIALIZED_AUTOS = YES_AGGRESSIVE;
				GCC_WARN_UNUSED_FUNCTION = YES;
				GCC_WARN_UNUSED_VARIABLE = YES;
				IPHONEOS_DEPLOYMENT_TARGET = 17.5;
				LOCALIZATION_PREFERS_STRING_CATALOGS = YES;
				MTL_ENABLE_DEBUG_INFO = NO;
				MTL_FAST_MATH = YES;
				SDKROOT = iphoneos;
				SWIFT_COMPILATION_MODE = wholemodule;
				VALIDATE_PRODUCT = YES;
			};
			name = Release;
		};
		29FBFAA32CDAD99200F8EC88 /* Debug */ = {
			isa = XCBuildConfiguration;
			buildSettings = {
				ASSETCATALOG_COMPILER_APPICON_NAME = AppIcon;
				ASSETCATALOG_COMPILER_GLOBAL_ACCENT_COLOR_NAME = AccentColor;
				CODE_SIGN_STYLE = Automatic;
				CURRENT_PROJECT_VERSION = 1;
				DEVELOPMENT_TEAM = MYUXWR6GY2;
				GENERATE_INFOPLIST_FILE = YES;
				INFOPLIST_FILE = WA8_17/Info.plist;
				INFOPLIST_KEY_UIApplicationSupportsIndirectInputEvents = YES;
				INFOPLIST_KEY_UILaunchStoryboardName = LaunchScreen;
				INFOPLIST_KEY_UIMainStoryboardFile = Main;
				INFOPLIST_KEY_UISupportedInterfaceOrientations_iPad = "UIInterfaceOrientationPortrait UIInterfaceOrientationPortraitUpsideDown UIInterfaceOrientationLandscapeLeft UIInterfaceOrientationLandscapeRight";
				INFOPLIST_KEY_UISupportedInterfaceOrientations_iPhone = "UIInterfaceOrientationPortrait UIInterfaceOrientationLandscapeLeft UIInterfaceOrientationLandscapeRight";
				LD_RUNPATH_SEARCH_PATHS = (
					"$(inherited)",
					"@executable_path/Frameworks",
				);
				MARKETING_VERSION = 1.0;
				PRODUCT_BUNDLE_IDENTIFIER = "com.cs5520.WA8-17";
				PRODUCT_NAME = "$(TARGET_NAME)";
				SWIFT_EMIT_LOC_STRINGS = YES;
				SWIFT_VERSION = 5.0;
				TARGETED_DEVICE_FAMILY = "1,2";
			};
			name = Debug;
		};
		29FBFAA42CDAD99200F8EC88 /* Release */ = {
			isa = XCBuildConfiguration;
			buildSettings = {
				ASSETCATALOG_COMPILER_APPICON_NAME = AppIcon;
				ASSETCATALOG_COMPILER_GLOBAL_ACCENT_COLOR_NAME = AccentColor;
				CODE_SIGN_STYLE = Automatic;
				CURRENT_PROJECT_VERSION = 1;
				DEVELOPMENT_TEAM = MYUXWR6GY2;
				GENERATE_INFOPLIST_FILE = YES;
				INFOPLIST_FILE = WA8_17/Info.plist;
				INFOPLIST_KEY_UIApplicationSupportsIndirectInputEvents = YES;
				INFOPLIST_KEY_UILaunchStoryboardName = LaunchScreen;
				INFOPLIST_KEY_UIMainStoryboardFile = Main;
				INFOPLIST_KEY_UISupportedInterfaceOrientations_iPad = "UIInterfaceOrientationPortrait UIInterfaceOrientationPortraitUpsideDown UIInterfaceOrientationLandscapeLeft UIInterfaceOrientationLandscapeRight";
				INFOPLIST_KEY_UISupportedInterfaceOrientations_iPhone = "UIInterfaceOrientationPortrait UIInterfaceOrientationLandscapeLeft UIInterfaceOrientationLandscapeRight";
				LD_RUNPATH_SEARCH_PATHS = (
					"$(inherited)",
					"@executable_path/Frameworks",
				);
				MARKETING_VERSION = 1.0;
				PRODUCT_BUNDLE_IDENTIFIER = "com.cs5520.WA8-17";
				PRODUCT_NAME = "$(TARGET_NAME)";
				SWIFT_EMIT_LOC_STRINGS = YES;
				SWIFT_VERSION = 5.0;
				TARGETED_DEVICE_FAMILY = "1,2";
			};
			name = Release;
		};
/* End XCBuildConfiguration section */

/* Begin XCConfigurationList section */
		29FBFA892CDAD99100F8EC88 /* Build configuration list for PBXProject "WA8_17" */ = {
			isa = XCConfigurationList;
			buildConfigurations = (
				29FBFAA02CDAD99200F8EC88 /* Debug */,
				29FBFAA12CDAD99200F8EC88 /* Release */,
			);
			defaultConfigurationIsVisible = 0;
			defaultConfigurationName = Release;
		};
		29FBFAA22CDAD99200F8EC88 /* Build configuration list for PBXNativeTarget "WA8_17" */ = {
			isa = XCConfigurationList;
			buildConfigurations = (
				29FBFAA32CDAD99200F8EC88 /* Debug */,
				29FBFAA42CDAD99200F8EC88 /* Release */,
			);
			defaultConfigurationIsVisible = 0;
			defaultConfigurationName = Release;
		};
/* End XCConfigurationList section */

/* Begin XCRemoteSwiftPackageReference section */
		29FBFAAB2CDADB9600F8EC88 /* XCRemoteSwiftPackageReference "firebase-ios-sdk" */ = {
			isa = XCRemoteSwiftPackageReference;
			repositoryURL = "https://github.com/firebase/firebase-ios-sdk";
			requirement = {
				kind = upToNextMajorVersion;
				minimumVersion = 11.4.0;
			};
		};
/* End XCRemoteSwiftPackageReference section */

/* Begin XCSwiftPackageProductDependency section */
		29FBFAAC2CDADB9600F8EC88 /* FirebaseAuth */ = {
			isa = XCSwiftPackageProductDependency;
			package = 29FBFAAB2CDADB9600F8EC88 /* XCRemoteSwiftPackageReference "firebase-ios-sdk" */;
			productName = FirebaseAuth;
		};
		29FBFAAE2CDADB9600F8EC88 /* FirebaseCore */ = {
			isa = XCSwiftPackageProductDependency;
			package = 29FBFAAB2CDADB9600F8EC88 /* XCRemoteSwiftPackageReference "firebase-ios-sdk" */;
			productName = FirebaseCore;
		};
		29FBFAB02CDADB9600F8EC88 /* FirebaseFirestore */ = {
			isa = XCSwiftPackageProductDependency;
			package = 29FBFAAB2CDADB9600F8EC88 /* XCRemoteSwiftPackageReference "firebase-ios-sdk" */;
			productName = FirebaseFirestore;
		};
		29FBFAB22CDADB9600F8EC88 /* FirebaseStorage */ = {
			isa = XCSwiftPackageProductDependency;
			package = 29FBFAAB2CDADB9600F8EC88 /* XCRemoteSwiftPackageReference "firebase-ios-sdk" */;
			productName = FirebaseStorage;
		};
/* End XCSwiftPackageProductDependency section */
	};
	rootObject = 29FBFA862CDAD99100F8EC88 /* Project object */;
}
